{
  "name": "sai-bloom",
  "version": "1.0.2",
  "lockfileVersion": 1,
  "requires": true,
  "dependencies": {
    "sai-library": {
      "version": "1.0.19",
      "resolved": "https://registry.npmjs.org/sai-library/-/sai-library-1.0.19.tgz",
      "integrity": "sha512-PmMMfiRS2ElmzlV7sUcZdD3m0yOlkfCk8rlz7fotKo9UiPO+IATT5y2tnoheVieeahFLMYS1JvZSxe2/3VIFmQ=="
    }
  }
}
