{
  "name": "sai-bloom",
  "version": "1.0.0",
  "lockfileVersion": 1,
  "requires": true,
  "dependencies": {
    "sai-library": {
      "version": "1.0.17",
      "resolved": "https://registry.npmjs.org/sai-library/-/sai-library-1.0.17.tgz",
      "integrity": "sha512-Zn6QNWGd86p7cYjWMb7DgKo7qsPFUojBM/i3cK66zvfp9JRK96m4awZ91KTmQSEpec5J5FhGsKJitLuM6f4IxA=="
    }
  }
}
